{
  "name": "@lucarrloliveira/multi-select",
  "version": "0.0.6",
  "lockfileVersion": 2,
  "requires": true,
  "packages": {
    "": {
      "name": "@lucarrloliveira/multi-select",
      "version": "0.0.6",
      "dependencies": {
        "tslib": "^2.3.0"
      },
      "peerDependencies": {
        "@angular/common": "^14.1.0",
        "@angular/core": "^14.1.0",
        "@lucarrloliveira/button": "*",
        "@lucarrloliveira/checkbox": "*",
        "@lucarrloliveira/icon": "*",
        "@lucarrloliveira/search-bar": "*",
        "@lucarrloliveira/visual-identity": "*"
      }
    },
    "node_modules/@angular/common": {
      "version": "14.1.0",
      "resolved": "https://registry.npmjs.org/@angular/common/-/common-14.1.0.tgz",
      "integrity": "sha512-leethDtLbA3qySaOEBUto602DF0qH1maK9u2zHncrUFOpnHAYUEd7N9MFMdIYASurTnwOSglEoIDCML94qzImQ==",
      "peer": true,
      "dependencies": {
        "tslib": "^2.3.0"
      },
      "engines": {
        "node": "^14.15.0 || >=16.10.0"
      },
      "peerDependencies": {
        "@angular/core": "14.1.0",
        "rxjs": "^6.5.3 || ^7.4.0"
      }
    },
    "node_modules/@angular/core": {
      "version": "14.1.0",
      "resolved": "https://registry.npmjs.org/@angular/core/-/core-14.1.0.tgz",
      "integrity": "sha512-3quEsHmQifJOQ2oij5K+cjGjmhsKsyZI1+OTHWNZ6IXeuYviZv4U/Cui9fUJ1RN3CZxH3NzWB3gB/5qYFQfOgg==",
      "peer": true,
      "dependencies": {
        "tslib": "^2.3.0"
      },
      "engines": {
        "node": "^14.15.0 || >=16.10.0"
      },
      "peerDependencies": {
        "rxjs": "^6.5.3 || ^7.4.0",
        "zone.js": "~0.11.4"
      }
    },
    "node_modules/@lucarrloliveira/button": {
      "version": "0.0.6",
      "resolved": "https://registry.npmjs.org/@lucarrloliveira/button/-/button-0.0.6.tgz",
      "integrity": "sha512-sdTXj3JKLwnBlwMG2noZ9G7XlX7Io12BQ5pG5p13bBBrY5dANitxoctHbIKPsqWDOgeIcBSryKEhdsygKHQRCg==",
      "peer": true,
      "dependencies": {
        "tslib": "^2.3.0"
      },
      "peerDependencies": {
        "@angular/common": "~14.1.0",
        "@angular/core": "~14.1.0",
        "@lucarrloliveira/visual-identity": "*"
      }
    },
    "node_modules/@lucarrloliveira/checkbox": {
      "version": "0.0.5",
      "resolved": "https://registry.npmjs.org/@lucarrloliveira/checkbox/-/checkbox-0.0.5.tgz",
      "integrity": "sha512-t8bptIiVuR6cJoZS7mWKH5BBlkFtzHQu9LInAfN7fAkwAf7/Y1Y0uGP9CTVYSQXJxlTnY3Kh5g+J994Q1Uy4Kg==",
      "peer": true,
      "dependencies": {
        "tslib": "^2.3.0"
      },
      "peerDependencies": {
        "@angular/common": "~14.1.0",
        "@angular/core": "~14.1.0",
        "@lucarrloliveira/visual-identity": "*"
      }
    },
    "node_modules/@lucarrloliveira/icon": {
      "version": "0.0.4",
      "resolved": "https://registry.npmjs.org/@lucarrloliveira/icon/-/icon-0.0.4.tgz",
      "integrity": "sha512-6LGowsoRMg3afJmfqldKJbqEcizHEKJYOQUgK9IQUH2Xcwc9t2RDlRuqcdvphyEIL7BrDL8n1hyUHFotsp9Fhg==",
      "peer": true,
      "dependencies": {
        "tslib": "^2.3.0"
      },
      "peerDependencies": {
        "@angular/common": "~14.1.0",
        "@angular/core": "~14.1.0",
        "@lucarrloliveira/visual-identity": "*"
      }
    },
    "node_modules/@lucarrloliveira/search-bar": {
      "version": "0.0.4",
      "resolved": "https://registry.npmjs.org/@lucarrloliveira/search-bar/-/search-bar-0.0.4.tgz",
      "integrity": "sha512-EUQcGjsRYW0VDMLoRxg3B3semk8i3btTCxYLQ8VFnfINMSKU6q5nCF1eUjzJDigNrCSmmJdiA+5gShMbklMzXQ==",
      "peer": true,
      "dependencies": {
        "tslib": "^2.3.0"
      },
      "peerDependencies": {
        "@angular/common": "~14.1.0",
        "@angular/core": "~14.1.0",
        "@lucarrloliveira/visual-identity": "*"
      }
    },
    "node_modules/@lucarrloliveira/visual-identity": {
      "version": "0.0.16",
      "resolved": "https://registry.npmjs.org/@lucarrloliveira/visual-identity/-/visual-identity-0.0.16.tgz",
      "integrity": "sha512-Z5Xo1jAketP2pfFwh/GULrcLz5vm6ULt9dw61w7Fow+SYdMWOnkXNFARxLuHpnLvIt0sWcpPBSIKBHC3u8skuQ==",
      "peer": true,
      "dependencies": {
        "tslib": "^2.3.0"
      },
      "peerDependencies": {
        "@angular/common": "~14.1.0",
        "@angular/core": "~14.1.0"
      }
    },
    "node_modules/rxjs": {
      "version": "7.5.6",
      "resolved": "https://registry.npmjs.org/rxjs/-/rxjs-7.5.6.tgz",
      "integrity": "sha512-dnyv2/YsXhnm461G+R/Pe5bWP41Nm6LBXEYWI6eiFP4fiwx6WRI/CD0zbdVAudd9xwLEF2IDcKXLHit0FYjUzw==",
      "peer": true,
      "dependencies": {
        "tslib": "^2.1.0"
      }
    },
    "node_modules/tslib": {
      "version": "2.4.0",
      "resolved": "https://registry.npmjs.org/tslib/-/tslib-2.4.0.tgz",
      "integrity": "sha512-d6xOpEDfsi2CZVlPQzGeux8XMwLT9hssAsaPYExaQMuYskwb+x1x7J371tWlbBdWHroy99KnVB6qIkUbs5X3UQ=="
    },
    "node_modules/zone.js": {
      "version": "0.11.7",
      "resolved": "https://registry.npmjs.org/zone.js/-/zone.js-0.11.7.tgz",
      "integrity": "sha512-e39K2EdK5JfA3FDuUTVRvPlYV4aBfnOOcGuILhQAT7nzeV12uSrLBzImUM9CDVoncDSX4brR/gwqu0heQ3BQ0g==",
      "peer": true,
      "dependencies": {
        "tslib": "^2.3.0"
      }
    }
  },
  "dependencies": {
    "@angular/common": {
      "version": "14.1.0",
      "resolved": "https://registry.npmjs.org/@angular/common/-/common-14.1.0.tgz",
      "integrity": "sha512-leethDtLbA3qySaOEBUto602DF0qH1maK9u2zHncrUFOpnHAYUEd7N9MFMdIYASurTnwOSglEoIDCML94qzImQ==",
      "peer": true,
      "requires": {
        "tslib": "^2.3.0"
      }
    },
    "@angular/core": {
      "version": "14.1.0",
      "resolved": "https://registry.npmjs.org/@angular/core/-/core-14.1.0.tgz",
      "integrity": "sha512-3quEsHmQifJOQ2oij5K+cjGjmhsKsyZI1+OTHWNZ6IXeuYviZv4U/Cui9fUJ1RN3CZxH3NzWB3gB/5qYFQfOgg==",
      "peer": true,
      "requires": {
        "tslib": "^2.3.0"
      }
    },
    "@lucarrloliveira/button": {
      "version": "0.0.6",
      "resolved": "https://registry.npmjs.org/@lucarrloliveira/button/-/button-0.0.6.tgz",
      "integrity": "sha512-sdTXj3JKLwnBlwMG2noZ9G7XlX7Io12BQ5pG5p13bBBrY5dANitxoctHbIKPsqWDOgeIcBSryKEhdsygKHQRCg==",
      "peer": true,
      "requires": {
        "tslib": "^2.3.0"
      }
    },
    "@lucarrloliveira/checkbox": {
      "version": "0.0.5",
      "resolved": "https://registry.npmjs.org/@lucarrloliveira/checkbox/-/checkbox-0.0.5.tgz",
      "integrity": "sha512-t8bptIiVuR6cJoZS7mWKH5BBlkFtzHQu9LInAfN7fAkwAf7/Y1Y0uGP9CTVYSQXJxlTnY3Kh5g+J994Q1Uy4Kg==",
      "peer": true,
      "requires": {
        "tslib": "^2.3.0"
      }
    },
    "@lucarrloliveira/icon": {
      "version": "0.0.4",
      "resolved": "https://registry.npmjs.org/@lucarrloliveira/icon/-/icon-0.0.4.tgz",
      "integrity": "sha512-6LGowsoRMg3afJmfqldKJbqEcizHEKJYOQUgK9IQUH2Xcwc9t2RDlRuqcdvphyEIL7BrDL8n1hyUHFotsp9Fhg==",
      "peer": true,
      "requires": {
        "tslib": "^2.3.0"
      }
    },
    "@lucarrloliveira/search-bar": {
      "version": "0.0.4",
      "resolved": "https://registry.npmjs.org/@lucarrloliveira/search-bar/-/search-bar-0.0.4.tgz",
      "integrity": "sha512-EUQcGjsRYW0VDMLoRxg3B3semk8i3btTCxYLQ8VFnfINMSKU6q5nCF1eUjzJDigNrCSmmJdiA+5gShMbklMzXQ==",
      "peer": true,
      "requires": {
        "tslib": "^2.3.0"
      }
    },
    "@lucarrloliveira/visual-identity": {
      "version": "0.0.16",
      "resolved": "https://registry.npmjs.org/@lucarrloliveira/visual-identity/-/visual-identity-0.0.16.tgz",
      "integrity": "sha512-Z5Xo1jAketP2pfFwh/GULrcLz5vm6ULt9dw61w7Fow+SYdMWOnkXNFARxLuHpnLvIt0sWcpPBSIKBHC3u8skuQ==",
      "peer": true,
      "requires": {
        "tslib": "^2.3.0"
      }
    },
    "rxjs": {
      "version": "7.5.6",
      "resolved": "https://registry.npmjs.org/rxjs/-/rxjs-7.5.6.tgz",
      "integrity": "sha512-dnyv2/YsXhnm461G+R/Pe5bWP41Nm6LBXEYWI6eiFP4fiwx6WRI/CD0zbdVAudd9xwLEF2IDcKXLHit0FYjUzw==",
      "peer": true,
      "requires": {
        "tslib": "^2.1.0"
      }
    },
    "tslib": {
      "version": "2.4.0",
      "resolved": "https://registry.npmjs.org/tslib/-/tslib-2.4.0.tgz",
      "integrity": "sha512-d6xOpEDfsi2CZVlPQzGeux8XMwLT9hssAsaPYExaQMuYskwb+x1x7J371tWlbBdWHroy99KnVB6qIkUbs5X3UQ=="
    },
    "zone.js": {
      "version": "0.11.7",
      "resolved": "https://registry.npmjs.org/zone.js/-/zone.js-0.11.7.tgz",
      "integrity": "sha512-e39K2EdK5JfA3FDuUTVRvPlYV4aBfnOOcGuILhQAT7nzeV12uSrLBzImUM9CDVoncDSX4brR/gwqu0heQ3BQ0g==",
      "peer": true,
      "requires": {
        "tslib": "^2.3.0"
      }
    }
  }
}
