{
  "name": "@lucarrloliveira/multiselect",
  "version": "0.0.6",
  "lockfileVersion": 2,
  "requires": true,
  "packages": {
    "": {
      "name": "@lucarrloliveira/multiselect",
      "version": "0.0.6",
      "dependencies": {
        "@lucarrloliveira/button": "*",
        "@lucarrloliveira/checkbox": "*",
        "@lucarrloliveira/icon": "*",
        "@lucarrloliveira/search-bar": "*",
        "@lucarrloliveira/visual-identity": "*",
        "tslib": "^2.3.0"
      },
      "peerDependencies": {
        "@angular/common": "~14.1.0",
        "@angular/core": "~14.1.0"
      }
    },
    "node_modules/@angular/common": {
      "version": "14.1.0",
      "resolved": "https://registry.npmjs.org/@angular/common/-/common-14.1.0.tgz",
      "integrity": "sha512-leethDtLbA3qySaOEBUto602DF0qH1maK9u2zHncrUFOpnHAYUEd7N9MFMdIYASurTnwOSglEoIDCML94qzImQ==",
      "peer": true,
      "dependencies": {
        "tslib": "^2.3.0"
      },
      "engines": {
        "node": "^14.15.0 || >=16.10.0"
      },
      "peerDependencies": {
        "@angular/core": "14.1.0",
        "rxjs": "^6.5.3 || ^7.4.0"
      }
    },
    "node_modules/@angular/core": {
      "version": "14.1.0",
      "resolved": "https://registry.npmjs.org/@angular/core/-/core-14.1.0.tgz",
      "integrity": "sha512-3quEsHmQifJOQ2oij5K+cjGjmhsKsyZI1+OTHWNZ6IXeuYviZv4U/Cui9fUJ1RN3CZxH3NzWB3gB/5qYFQfOgg==",
      "peer": true,
      "dependencies": {
        "tslib": "^2.3.0"
      },
      "engines": {
        "node": "^14.15.0 || >=16.10.0"
      },
      "peerDependencies": {
        "rxjs": "^6.5.3 || ^7.4.0",
        "zone.js": "~0.11.4"
      }
    },
    "node_modules/@lucarrloliveira/button": {
      "version": "0.0.2",
      "resolved": "https://registry.npmjs.org/@lucarrloliveira/button/-/button-0.0.2.tgz",
      "integrity": "sha512-9VRbbgfPl1al/GTBjCV+KumfqVblF34slfV8zsbvlr9BGGZwuCMqt48P/2vioDuoOL38iCVx4Ohz/S+iFg5I7Q==",
      "dependencies": {
        "tslib": "^2.3.0"
      },
      "peerDependencies": {
        "@angular/common": "~14.1.0",
        "@angular/core": "~14.1.0",
        "@lucarrloliveira/visual-identity": "*"
      }
    },
    "node_modules/@lucarrloliveira/checkbox": {
      "version": "0.0.1",
      "resolved": "https://registry.npmjs.org/@lucarrloliveira/checkbox/-/checkbox-0.0.1.tgz",
      "integrity": "sha512-R9bXwYNNJw4M+3R+kj0X8nBzm4mmGecogTDVDUz4Ryu/q3GcQaNMuOZ4ACYLM89FxRXRqER8vjkeiAZBb/lLBg==",
      "dependencies": {
        "tslib": "^2.3.0"
      },
      "peerDependencies": {
        "@angular/common": "~14.1.0",
        "@angular/core": "~14.1.0",
        "@lucarrloliveira/visual-identity": "*"
      }
    },
    "node_modules/@lucarrloliveira/icon": {
      "version": "0.0.3",
      "resolved": "https://registry.npmjs.org/@lucarrloliveira/icon/-/icon-0.0.3.tgz",
      "integrity": "sha512-OqzqWOV89NzD1quhk30VCNJpOivyBe4Q8xWqzG70U6CCo2Pl5WrDgc9z3IH8rCR/60Ffpb9pWrrEWqd9BwZ9Lw==",
      "dependencies": {
        "tslib": "^2.3.0"
      },
      "peerDependencies": {
        "@angular/common": "~14.1.0",
        "@angular/core": "~14.1.0",
        "@lucarrloliveira/visual-identity": "*"
      }
    },
    "node_modules/@lucarrloliveira/search-bar": {
      "version": "0.0.1",
      "resolved": "https://registry.npmjs.org/@lucarrloliveira/search-bar/-/search-bar-0.0.1.tgz",
      "integrity": "sha512-WlaifUCIDTxxhNdBCB606cQNtBN6pnvSsSdbwpRIXxjBdHyBvSeHNSufddjF43UQ5mZ3aL5JceSmGAPSHYFS+Q==",
      "dependencies": {
        "tslib": "^2.3.0"
      },
      "peerDependencies": {
        "@angular/common": "~14.1.0",
        "@angular/core": "~14.1.0",
        "@lucarrloliveira/visual-identity": "*"
      }
    },
    "node_modules/@lucarrloliveira/visual-identity": {
      "version": "0.0.13",
      "resolved": "https://registry.npmjs.org/@lucarrloliveira/visual-identity/-/visual-identity-0.0.13.tgz",
      "integrity": "sha512-WPpAsa8HZYz0dlgjR09XbmC9qXzthhj2T2PWQAQsvuBA/k1AS6c2Z+7k5dDsgCh22toODJDZXiisyY0RLgUyrw==",
      "dependencies": {
        "tslib": "^2.3.0"
      },
      "peerDependencies": {
        "@angular/common": "~14.1.0",
        "@angular/core": "~14.1.0"
      }
    },
    "node_modules/rxjs": {
      "version": "7.5.6",
      "resolved": "https://registry.npmjs.org/rxjs/-/rxjs-7.5.6.tgz",
      "integrity": "sha512-dnyv2/YsXhnm461G+R/Pe5bWP41Nm6LBXEYWI6eiFP4fiwx6WRI/CD0zbdVAudd9xwLEF2IDcKXLHit0FYjUzw==",
      "peer": true,
      "dependencies": {
        "tslib": "^2.1.0"
      }
    },
    "node_modules/tslib": {
      "version": "2.3.1",
      "resolved": "https://registry.npmjs.org/tslib/-/tslib-2.3.1.tgz",
      "integrity": "sha512-77EbyPPpMz+FRFRuAFlWMtmgUWGe9UOG2Z25NqCwiIjRhOf5iKGuzSe5P2w1laq+FkRy4p+PCuVkJSGkzTEKVw=="
    },
    "node_modules/zone.js": {
      "version": "0.11.7",
      "resolved": "https://registry.npmjs.org/zone.js/-/zone.js-0.11.7.tgz",
      "integrity": "sha512-e39K2EdK5JfA3FDuUTVRvPlYV4aBfnOOcGuILhQAT7nzeV12uSrLBzImUM9CDVoncDSX4brR/gwqu0heQ3BQ0g==",
      "peer": true,
      "dependencies": {
        "tslib": "^2.3.0"
      }
    }
  },
  "dependencies": {
    "@angular/common": {
      "version": "14.1.0",
      "resolved": "https://registry.npmjs.org/@angular/common/-/common-14.1.0.tgz",
      "integrity": "sha512-leethDtLbA3qySaOEBUto602DF0qH1maK9u2zHncrUFOpnHAYUEd7N9MFMdIYASurTnwOSglEoIDCML94qzImQ==",
      "peer": true,
      "requires": {
        "tslib": "^2.3.0"
      }
    },
    "@angular/core": {
      "version": "14.1.0",
      "resolved": "https://registry.npmjs.org/@angular/core/-/core-14.1.0.tgz",
      "integrity": "sha512-3quEsHmQifJOQ2oij5K+cjGjmhsKsyZI1+OTHWNZ6IXeuYviZv4U/Cui9fUJ1RN3CZxH3NzWB3gB/5qYFQfOgg==",
      "peer": true,
      "requires": {
        "tslib": "^2.3.0"
      }
    },
    "@lucarrloliveira/button": {
      "version": "0.0.2",
      "resolved": "https://registry.npmjs.org/@lucarrloliveira/button/-/button-0.0.2.tgz",
      "integrity": "sha512-9VRbbgfPl1al/GTBjCV+KumfqVblF34slfV8zsbvlr9BGGZwuCMqt48P/2vioDuoOL38iCVx4Ohz/S+iFg5I7Q==",
      "requires": {
        "tslib": "^2.3.0"
      }
    },
    "@lucarrloliveira/checkbox": {
      "version": "0.0.1",
      "resolved": "https://registry.npmjs.org/@lucarrloliveira/checkbox/-/checkbox-0.0.1.tgz",
      "integrity": "sha512-R9bXwYNNJw4M+3R+kj0X8nBzm4mmGecogTDVDUz4Ryu/q3GcQaNMuOZ4ACYLM89FxRXRqER8vjkeiAZBb/lLBg==",
      "requires": {
        "tslib": "^2.3.0"
      }
    },
    "@lucarrloliveira/icon": {
      "version": "0.0.3",
      "resolved": "https://registry.npmjs.org/@lucarrloliveira/icon/-/icon-0.0.3.tgz",
      "integrity": "sha512-OqzqWOV89NzD1quhk30VCNJpOivyBe4Q8xWqzG70U6CCo2Pl5WrDgc9z3IH8rCR/60Ffpb9pWrrEWqd9BwZ9Lw==",
      "requires": {
        "tslib": "^2.3.0"
      }
    },
    "@lucarrloliveira/search-bar": {
      "version": "0.0.1",
      "resolved": "https://registry.npmjs.org/@lucarrloliveira/search-bar/-/search-bar-0.0.1.tgz",
      "integrity": "sha512-WlaifUCIDTxxhNdBCB606cQNtBN6pnvSsSdbwpRIXxjBdHyBvSeHNSufddjF43UQ5mZ3aL5JceSmGAPSHYFS+Q==",
      "requires": {
        "tslib": "^2.3.0"
      }
    },
    "@lucarrloliveira/visual-identity": {
      "version": "0.0.13",
      "resolved": "https://registry.npmjs.org/@lucarrloliveira/visual-identity/-/visual-identity-0.0.13.tgz",
      "integrity": "sha512-WPpAsa8HZYz0dlgjR09XbmC9qXzthhj2T2PWQAQsvuBA/k1AS6c2Z+7k5dDsgCh22toODJDZXiisyY0RLgUyrw==",
      "requires": {
        "tslib": "^2.3.0"
      }
    },
    "rxjs": {
      "version": "7.5.6",
      "resolved": "https://registry.npmjs.org/rxjs/-/rxjs-7.5.6.tgz",
      "integrity": "sha512-dnyv2/YsXhnm461G+R/Pe5bWP41Nm6LBXEYWI6eiFP4fiwx6WRI/CD0zbdVAudd9xwLEF2IDcKXLHit0FYjUzw==",
      "peer": true,
      "requires": {
        "tslib": "^2.1.0"
      }
    },
    "tslib": {
      "version": "2.3.1",
      "resolved": "https://registry.npmjs.org/tslib/-/tslib-2.3.1.tgz",
      "integrity": "sha512-77EbyPPpMz+FRFRuAFlWMtmgUWGe9UOG2Z25NqCwiIjRhOf5iKGuzSe5P2w1laq+FkRy4p+PCuVkJSGkzTEKVw=="
    },
    "zone.js": {
      "version": "0.11.7",
      "resolved": "https://registry.npmjs.org/zone.js/-/zone.js-0.11.7.tgz",
      "integrity": "sha512-e39K2EdK5JfA3FDuUTVRvPlYV4aBfnOOcGuILhQAT7nzeV12uSrLBzImUM9CDVoncDSX4brR/gwqu0heQ3BQ0g==",
      "peer": true,
      "requires": {
        "tslib": "^2.3.0"
      }
    }
  }
}
