{
    "name": "@ZoppyTech/input",
    "version": "0.1.9",
    "lockfileVersion": 2,
    "requires": true,
    "packages": {
        "": {
            "name": "@ZoppyTech/input",
            "version": "0.1.9",
            "license": "ISC",
            "dependencies": {
                "ngx-currency": "^2.5.3",
                "ngx-mask": "^14.0.3",
                "tslib": "^2.3.0"
            },
            "peerDependencies": {
                "@angular/common": "~14.1.0",
                "@angular/core": "~14.1.0",
                "@angular/forms": "^14.1.1",
                "@ZoppyTech/visual-identity": "*"
            }
        },
        "node_modules/ngx-currency": {
            "version": "2.5.3",
            "resolved": "https://registry.npmjs.org/ngx-currency/-/ngx-currency-2.5.3.tgz",
            "integrity": "sha512-NS58eSK1vTIzrtbK1KI6zUpaZrFZtBHGX8aYQefSSf8qz83alB4rIEzXoMn/ZydPhoVTg2vk8m+3aVs6PiPnOA==",
            "dependencies": {
                "tslib": "^2.0.0"
            }
        },
        "node_modules/ngx-mask": {
            "version": "14.0.3",
            "resolved": "https://registry.npmjs.org/ngx-mask/-/ngx-mask-14.0.3.tgz",
            "integrity": "sha512-qhB1l+Inr4Ovy9wXcpCq8+FmOilJE1Bg7U5Aenl7PCG88GjTKCe1f8YivjKGAAwP3UlLFqijy2iaND92JsOJyA==",
            "dependencies": {
                "tslib": "^2.3.0"
            },
            "peerDependencies": {
                "@angular/common": ">=10.0.0",
                "@angular/core": ">=10.0.0",
                "@angular/forms": ">=10.0.0"
            }
        },
        "node_modules/tslib": {
            "version": "2.4.0",
            "resolved": "https://registry.npmjs.org/tslib/-/tslib-2.4.0.tgz",
            "integrity": "sha512-d6xOpEDfsi2CZVlPQzGeux8XMwLT9hssAsaPYExaQMuYskwb+x1x7J371tWlbBdWHroy99KnVB6qIkUbs5X3UQ=="
        }
    },
    "dependencies": {
        "ngx-currency": {
            "version": "2.5.3",
            "resolved": "https://registry.npmjs.org/ngx-currency/-/ngx-currency-2.5.3.tgz",
            "integrity": "sha512-NS58eSK1vTIzrtbK1KI6zUpaZrFZtBHGX8aYQefSSf8qz83alB4rIEzXoMn/ZydPhoVTg2vk8m+3aVs6PiPnOA==",
            "requires": {
                "tslib": "^2.0.0"
            }
        },
        "ngx-mask": {
            "version": "14.0.3",
            "resolved": "https://registry.npmjs.org/ngx-mask/-/ngx-mask-14.0.3.tgz",
            "integrity": "sha512-qhB1l+Inr4Ovy9wXcpCq8+FmOilJE1Bg7U5Aenl7PCG88GjTKCe1f8YivjKGAAwP3UlLFqijy2iaND92JsOJyA==",
            "requires": {
                "tslib": "^2.3.0"
            }
        },
        "tslib": {
            "version": "2.4.0",
            "resolved": "https://registry.npmjs.org/tslib/-/tslib-2.4.0.tgz",
            "integrity": "sha512-d6xOpEDfsi2CZVlPQzGeux8XMwLT9hssAsaPYExaQMuYskwb+x1x7J371tWlbBdWHroy99KnVB6qIkUbs5X3UQ=="
        }
    }
}
